// !$*UTF8*$!
{
	archiveVersion = 1;
	classes = {
	};
	objectVersion = 46;
	objects = {

/* Begin PBXBuildFile section */
		845AB2781CF00B06002BB0F2 /* AppDelegate.swift in Sources */ = {isa = PBXBuildFile; fileRef = 845AB2771CF00B06002BB0F2 /* AppDelegate.swift */; };
		845AB27A1CF00B06002BB0F2 /* PersonsVC.swift in Sources */ = {isa = PBXBuildFile; fileRef = 845AB2791CF00B06002BB0F2 /* PersonsVC.swift */; };
		845AB27D1CF00B06002BB0F2 /* Main.storyboard in Resources */ = {isa = PBXBuildFile; fileRef = 845AB27B1CF00B06002BB0F2 /* Main.storyboard */; };
		845AB27F1CF00B06002BB0F2 /* Assets.xcassets in Resources */ = {isa = PBXBuildFile; fileRef = 845AB27E1CF00B06002BB0F2 /* Assets.xcassets */; };
		845AB2821CF00B06002BB0F2 /* LaunchScreen.storyboard in Resources */ = {isa = PBXBuildFile; fileRef = 845AB2801CF00B06002BB0F2 /* LaunchScreen.storyboard */; };
		845AB28A1CF024D8002BB0F2 /* DataController.swift in Sources */ = {isa = PBXBuildFile; fileRef = 845AB2891CF024D8002BB0F2 /* DataController.swift */; };
		845AB2B31CF04B74002BB0F2 /* data.xcdatamodeld in Sources */ = {isa = PBXBuildFile; fileRef = 845AB2B11CF04B74002BB0F2 /* data.xcdatamodeld */; };
		845AB2B81CF05184002BB0F2 /* PersonMO+CoreDataProperties.swift in Sources */ = {isa = PBXBuildFile; fileRef = 845AB2B41CF05184002BB0F2 /* PersonMO+CoreDataProperties.swift */; };
		845AB2B91CF05184002BB0F2 /* PersonMO.swift in Sources */ = {isa = PBXBuildFile; fileRef = 845AB2B51CF05184002BB0F2 /* PersonMO.swift */; };
		845AB2BA1CF05184002BB0F2 /* DeparmentMO+CoreDataProperties.swift in Sources */ = {isa = PBXBuildFile; fileRef = 845AB2B61CF05184002BB0F2 /* DeparmentMO+CoreDataProperties.swift */; };
		845AB2BB1CF05184002BB0F2 /* DeparmentMO.swift in Sources */ = {isa = PBXBuildFile; fileRef = 845AB2B71CF05184002BB0F2 /* DeparmentMO.swift */; };
		845AB2BF1CF05604002BB0F2 /* AddNewPersonVC.swift in Sources */ = {isa = PBXBuildFile; fileRef = 845AB2BE1CF05604002BB0F2 /* AddNewPersonVC.swift */; };
		84D260F41CF13B280042B84E /* DepartmentsTVC.swift in Sources */ = {isa = PBXBuildFile; fileRef = 84D260F31CF13B280042B84E /* DepartmentsTVC.swift */; };
/* End PBXBuildFile section */

/* Begin PBXFileReference section */
		845AB2741CF00B06002BB0F2 /* fetchedResultsController.app */ = {isa = PBXFileReference; explicitFileType = wrapper.application; includeInIndex = 0; path = fetchedResultsController.app; sourceTree = BUILT_PRODUCTS_DIR; };
		845AB2771CF00B06002BB0F2 /* AppDelegate.swift */ = {isa = PBXFileReference; lastKnownFileType = sourcecode.swift; path = AppDelegate.swift; sourceTree = "<group>"; };
		845AB2791CF00B06002BB0F2 /* PersonsVC.swift */ = {isa = PBXFileReference; lastKnownFileType = sourcecode.swift; path = PersonsVC.swift; sourceTree = "<group>"; };
		845AB27C1CF00B06002BB0F2 /* Base */ = {isa = PBXFileReference; lastKnownFileType = file.storyboard; name = Base; path = Base.lproj/Main.storyboard; sourceTree = "<group>"; };
		845AB27E1CF00B06002BB0F2 /* Assets.xcassets */ = {isa = PBXFileReference; lastKnownFileType = folder.assetcatalog; path = Assets.xcassets; sourceTree = "<group>"; };
		845AB2811CF00B06002BB0F2 /* Base */ = {isa = PBXFileReference; lastKnownFileType = file.storyboard; name = Base; path = Base.lproj/LaunchScreen.storyboard; sourceTree = "<group>"; };
		845AB2831CF00B06002BB0F2 /* Info.plist */ = {isa = PBXFileReference; lastKnownFileType = text.plist.xml; path = Info.plist; sourceTree = "<group>"; };
		845AB2891CF024D8002BB0F2 /* DataController.swift */ = {isa = PBXFileReference; fileEncoding = 4; lastKnownFileType = sourcecode.swift; path = DataController.swift; sourceTree = "<group>"; };
		845AB2B21CF04B74002BB0F2 /* data.xcdatamodel */ = {isa = PBXFileReference; lastKnownFileType = wrapper.xcdatamodel; path = data.xcdatamodel; sourceTree = "<group>"; };
		845AB2B41CF05184002BB0F2 /* PersonMO+CoreDataProperties.swift */ = {isa = PBXFileReference; fileEncoding = 4; lastKnownFileType = sourcecode.swift; path = "PersonMO+CoreDataProperties.swift"; sourceTree = "<group>"; };
		845AB2B51CF05184002BB0F2 /* PersonMO.swift */ = {isa = PBXFileReference; fileEncoding = 4; lastKnownFileType = sourcecode.swift; path = PersonMO.swift; sourceTree = "<group>"; };
		845AB2B61CF05184002BB0F2 /* DeparmentMO+CoreDataProperties.swift */ = {isa = PBXFileReference; fileEncoding = 4; lastKnownFileType = sourcecode.swift; path = "DeparmentMO+CoreDataProperties.swift"; sourceTree = "<group>"; };
		845AB2B71CF05184002BB0F2 /* DeparmentMO.swift */ = {isa = PBXFileReference; fileEncoding = 4; lastKnownFileType = sourcecode.swift; path = DeparmentMO.swift; sourceTree = "<group>"; };
		845AB2BE1CF05604002BB0F2 /* AddNewPersonVC.swift */ = {isa = PBXFileReference; fileEncoding = 4; lastKnownFileType = sourcecode.swift; path = AddNewPersonVC.swift; sourceTree = "<group>"; };
		84D260F31CF13B280042B84E /* DepartmentsTVC.swift */ = {isa = PBXFileReference; fileEncoding = 4; lastKnownFileType = sourcecode.swift; path = DepartmentsTVC.swift; sourceTree = "<group>"; };
/* End PBXFileReference section */

/* Begin PBXFrameworksBuildPhase section */
		845AB2711CF00B06002BB0F2 /* Frameworks */ = {
			isa = PBXFrameworksBuildPhase;
			buildActionMask = 2147483647;
			files = (
			);
			runOnlyForDeploymentPostprocessing = 0;
		};
/* End PBXFrameworksBuildPhase section */

/* Begin PBXGroup section */
		845AB26B1CF00B06002BB0F2 = {
			isa = PBXGroup;
			children = (
				845AB2761CF00B06002BB0F2 /* fetchedResultsController */,
				845AB2751CF00B06002BB0F2 /* Products */,
			);
			sourceTree = "<group>";
		};
		845AB2751CF00B06002BB0F2 /* Products */ = {
			isa = PBXGroup;
			children = (
				845AB2741CF00B06002BB0F2 /* fetchedResultsController.app */,
			);
			name = Products;
			sourceTree = "<group>";
		};
		845AB2761CF00B06002BB0F2 /* fetchedResultsController */ = {
			isa = PBXGroup;
			children = (
				845AB2771CF00B06002BB0F2 /* AppDelegate.swift */,
				845AB2791CF00B06002BB0F2 /* PersonsVC.swift */,
				84D260F31CF13B280042B84E /* DepartmentsTVC.swift */,
				845AB2BE1CF05604002BB0F2 /* AddNewPersonVC.swift */,
				84D260F51CF27FE20042B84E /* Data */,
				845AB2891CF024D8002BB0F2 /* DataController.swift */,
				845AB27B1CF00B06002BB0F2 /* Main.storyboard */,
				845AB27E1CF00B06002BB0F2 /* Assets.xcassets */,
				845AB2801CF00B06002BB0F2 /* LaunchScreen.storyboard */,
				845AB2831CF00B06002BB0F2 /* Info.plist */,
			);
			path = fetchedResultsController;
			sourceTree = "<group>";
		};
		84D260F51CF27FE20042B84E /* Data */ = {
			isa = PBXGroup;
			children = (
				845AB2B41CF05184002BB0F2 /* PersonMO+CoreDataProperties.swift */,
				845AB2B51CF05184002BB0F2 /* PersonMO.swift */,
				845AB2B61CF05184002BB0F2 /* DeparmentMO+CoreDataProperties.swift */,
				845AB2B71CF05184002BB0F2 /* DeparmentMO.swift */,
				845AB2B11CF04B74002BB0F2 /* data.xcdatamodeld */,
			);
			name = Data;
			sourceTree = "<group>";
		};
/* End PBXGroup section */

/* Begin PBXNativeTarget section */
		845AB2731CF00B06002BB0F2 /* fetchedResultsController */ = {
			isa = PBXNativeTarget;
			buildConfigurationList = 845AB2861CF00B06002BB0F2 /* Build configuration list for PBXNativeTarget "fetchedResultsController" */;
			buildPhases = (
				845AB2701CF00B06002BB0F2 /* Sources */,
				845AB2711CF00B06002BB0F2 /* Frameworks */,
				845AB2721CF00B06002BB0F2 /* Resources */,
			);
			buildRules = (
			);
			dependencies = (
			);
			name = fetchedResultsController;
			productName = fetchedResultsController;
			productReference = 845AB2741CF00B06002BB0F2 /* fetchedResultsController.app */;
			productType = "com.apple.product-type.application";
		};
/* End PBXNativeTarget section */

/* Begin PBXProject section */
		845AB26C1CF00B06002BB0F2 /* Project object */ = {
			isa = PBXProject;
			attributes = {
				LastSwiftUpdateCheck = 0730;
				LastUpgradeCheck = 0730;
				ORGANIZATIONNAME = Admin;
				TargetAttributes = {
					845AB2731CF00B06002BB0F2 = {
						CreatedOnToolsVersion = 7.3.1;
					};
				};
			};
			buildConfigurationList = 845AB26F1CF00B06002BB0F2 /* Build configuration list for PBXProject "fetchedResultsController" */;
			compatibilityVersion = "Xcode 3.2";
			developmentRegion = English;
			hasScannedForEncodings = 0;
			knownRegions = (
				en,
				Base,
			);
			mainGroup = 845AB26B1CF00B06002BB0F2;
			productRefGroup = 845AB2751CF00B06002BB0F2 /* Products */;
			projectDirPath = "";
			projectRoot = "";
			targets = (
				845AB2731CF00B06002BB0F2 /* fetchedResultsController */,
			);
		};
/* End PBXProject section */

/* Begin PBXResourcesBuildPhase section */
		845AB2721CF00B06002BB0F2 /* Resources */ = {
			isa = PBXResourcesBuildPhase;
			buildActionMask = 2147483647;
			files = (
				845AB2821CF00B06002BB0F2 /* LaunchScreen.storyboard in Resources */,
				845AB27F1CF00B06002BB0F2 /* Assets.xcassets in Resources */,
				845AB27D1CF00B06002BB0F2 /* Main.storyboard in Resources */,
			);
			runOnlyForDeploymentPostprocessing = 0;
		};
/* End PBXResourcesBuildPhase section */

/* Begin PBXSourcesBuildPhase section */
		845AB2701CF00B06002BB0F2 /* Sources */ = {
			isa = PBXSourcesBuildPhase;
			buildActionMask = 2147483647;
			files = (
				84D260F41CF13B280042B84E /* DepartmentsTVC.swift in Sources */,
				845AB2BB1CF05184002BB0F2 /* DeparmentMO.swift in Sources */,
				845AB27A1CF00B06002BB0F2 /* PersonsVC.swift in Sources */,
				845AB2BF1CF05604002BB0F2 /* AddNewPersonVC.swift in Sources */,
				845AB28A1CF024D8002BB0F2 /* DataController.swift in Sources */,
				845AB2B91CF05184002BB0F2 /* PersonMO.swift in Sources */,
				845AB2781CF00B06002BB0F2 /* AppDelegate.swift in Sources */,
				845AB2B81CF05184002BB0F2 /* PersonMO+CoreDataProperties.swift in Sources */,
				845AB2B31CF04B74002BB0F2 /* data.xcdatamodeld in Sources */,
				845AB2BA1CF05184002BB0F2 /* DeparmentMO+CoreDataProperties.swift in Sources */,
			);
			runOnlyForDeploymentPostprocessing = 0;
		};
/* End PBXSourcesBuildPhase section */

/* Begin PBXVariantGroup section */
		845AB27B1CF00B06002BB0F2 /* Main.storyboard */ = {
			isa = PBXVariantGroup;
			children = (
				845AB27C1CF00B06002BB0F2 /* Base */,
			);
			name = Main.storyboard;
			sourceTree = "<group>";
		};
		845AB2801CF00B06002BB0F2 /* LaunchScreen.storyboard */ = {
			isa = PBXVariantGroup;
			children = (
				845AB2811CF00B06002BB0F2 /* Base */,
			);
			name = LaunchScreen.storyboard;
			sourceTree = "<group>";
		};
/* End PBXVariantGroup section */

/* Begin XCBuildConfiguration section */
		845AB2841CF00B06002BB0F2 /* Debug */ = {
			isa = XCBuildConfiguration;
			buildSettings = {
				ALWAYS_SEARCH_USER_PATHS = NO;
				CLANG_ANALYZER_NONNULL = YES;
				CLANG_CXX_LANGUAGE_STANDARD = "gnu++0x";
				CLANG_CXX_LIBRARY = "libc++";
				CLANG_ENABLE_MODULES = YES;
				CLANG_ENABLE_OBJC_ARC = YES;
				CLANG_WARN_BOOL_CONVERSION = YES;
				CLANG_WARN_CONSTANT_CONVERSION = YES;
				CLANG_WARN_DIRECT_OBJC_ISA_USAGE = YES_ERROR;
				CLANG_WARN_EMPTY_BODY = YES;
				CLANG_WARN_ENUM_CONVERSION = YES;
				CLANG_WARN_INT_CONVERSION = YES;
				CLANG_WARN_OBJC_ROOT_CLASS = YES_ERROR;
				CLANG_WARN_UNREACHABLE_CODE = YES;
				CLANG_WARN__DUPLICATE_METHOD_MATCH = YES;
				"CODE_SIGN_IDENTITY[sdk=iphoneos*]" = "iPhone Developer";
				COPY_PHASE_STRIP = NO;
				DEBUG_INFORMATION_FORMAT = dwarf;
				ENABLE_STRICT_OBJC_MSGSEND = YES;
				ENABLE_TESTABILITY = YES;
				GCC_C_LANGUAGE_STANDARD = gnu99;
				GCC_DYNAMIC_NO_PIC = NO;
				GCC_NO_COMMON_BLOCKS = YES;
				GCC_OPTIMIZATION_LEVEL = 0;
				GCC_PREPROCESSOR_DEFINITIONS = (
					"DEBUG=1",
					"$(inherited)",
				);
				GCC_WARN_64_TO_32_BIT_CONVERSION = YES;
				GCC_WARN_ABOUT_RETURN_TYPE = YES_ERROR;
				GCC_WARN_UNDECLARED_SELECTOR = YES;
				GCC_WARN_UNINITIALIZED_AUTOS = YES_AGGRESSIVE;
				GCC_WARN_UNUSED_FUNCTION = YES;
				GCC_WARN_UNUSED_VARIABLE = YES;
				IPHONEOS_DEPLOYMENT_TARGET = 9.3;
				MTL_ENABLE_DEBUG_INFO = YES;
				ONLY_ACTIVE_ARCH = YES;
				SDKROOT = iphoneos;
				SWIFT_OPTIMIZATION_LEVEL = "-Onone";
			};
			name = Debug;
		};
		845AB2851CF00B06002BB0F2 /* Release */ = {
			isa = XCBuildConfiguration;
			buildSettings = {
				ALWAYS_SEARCH_USER_PATHS = NO;
				CLANG_ANALYZER_NONNULL = YES;
				CLANG_CXX_LANGUAGE_STANDARD = "gnu++0x";
				CLANG_CXX_LIBRARY = "libc++";
				CLANG_ENABLE_MODULES = YES;
				CLANG_ENABLE_OBJC_ARC = YES;
				CLANG_WARN_BOOL_CONVERSION = YES;
				CLANG_WARN_CONSTANT_CONVERSION = YES;
				CLANG_WARN_DIRECT_OBJC_ISA_USAGE = YES_ERROR;
				CLANG_WARN_EMPTY_BODY = YES;
				CLANG_WARN_ENUM_CONVERSION = YES;
				CLANG_WARN_INT_CONVERSION = YES;
				CLANG_WARN_OBJC_ROOT_CLASS = YES_ERROR;
				CLANG_WARN_UNREACHABLE_CODE = YES;
				CLANG_WARN__DUPLICATE_METHOD_MATCH = YES;
				"CODE_SIGN_IDENTITY[sdk=iphoneos*]" = "iPhone Developer";
				COPY_PHASE_STRIP = NO;
				DEBUG_INFORMATION_FORMAT = "dwarf-with-dsym";
				ENABLE_NS_ASSERTIONS = NO;
				ENABLE_STRICT_OBJC_MSGSEND = YES;
				GCC_C_LANGUAGE_STANDARD = gnu99;
				GCC_NO_COMMON_BLOCKS = YES;
				GCC_WARN_64_TO_32_BIT_CONVERSION = YES;
				GCC_WARN_ABOUT_RETURN_TYPE = YES_ERROR;
				GCC_WARN_UNDECLARED_SELECTOR = YES;
				GCC_WARN_UNINITIALIZED_AUTOS = YES_AGGRESSIVE;
				GCC_WARN_UNUSED_FUNCTION = YES;
				GCC_WARN_UNUSED_VARIABLE = YES;
				IPHONEOS_DEPLOYMENT_TARGET = 9.3;
				MTL_ENABLE_DEBUG_INFO = NO;
				SDKROOT = iphoneos;
				VALIDATE_PRODUCT = YES;
			};
			name = Release;
		};
		845AB2871CF00B06002BB0F2 /* Debug */ = {
			isa = XCBuildConfiguration;
			buildSettings = {
				ASSETCATALOG_COMPILER_APPICON_NAME = AppIcon;
				INFOPLIST_FILE = fetchedResultsController/Info.plist;
				LD_RUNPATH_SEARCH_PATHS = "$(inherited) @executable_path/Frameworks";
				PRODUCT_BUNDLE_IDENTIFIER = truongminhthang.com.fetchedResultsController;
				PRODUCT_NAME = "$(TARGET_NAME)";
			};
			name = Debug;
		};
		845AB2881CF00B06002BB0F2 /* Release */ = {
			isa = XCBuildConfiguration;
			buildSettings = {
				ASSETCATALOG_COMPILER_APPICON_NAME = AppIcon;
				INFOPLIST_FILE = fetchedResultsController/Info.plist;
				LD_RUNPATH_SEARCH_PATHS = "$(inherited) @executable_path/Frameworks";
				PRODUCT_BUNDLE_IDENTIFIER = truongminhthang.com.fetchedResultsController;
				PRODUCT_NAME = "$(TARGET_NAME)";
			};
			name = Release;
		};
/* End XCBuildConfiguration section */

/* Begin XCConfigurationList section */
		845AB26F1CF00B06002BB0F2 /* Build configuration list for PBXProject "fetchedResultsController" */ = {
			isa = XCConfigurationList;
			buildConfigurations = (
				845AB2841CF00B06002BB0F2 /* Debug */,
				845AB2851CF00B06002BB0F2 /* Release */,
			);
			defaultConfigurationIsVisible = 0;
			defaultConfigurationName = Release;
		};
		845AB2861CF00B06002BB0F2 /* Build configuration list for PBXNativeTarget "fetchedResultsController" */ = {
			isa = XCConfigurationList;
			buildConfigurations = (
				845AB2871CF00B06002BB0F2 /* Debug */,
				845AB2881CF00B06002BB0F2 /* Release */,
			);
			defaultConfigurationIsVisible = 0;
			defaultConfigurationName = Release;
		};
/* End XCConfigurationList section */

/* Begin XCVersionGroup section */
		845AB2B11CF04B74002BB0F2 /* data.xcdatamodeld */ = {
			isa = XCVersionGroup;
			children = (
				845AB2B21CF04B74002BB0F2 /* data.xcdatamodel */,
			);
			currentVersion = 845AB2B21CF04B74002BB0F2 /* data.xcdatamodel */;
			path = data.xcdatamodeld;
			sourceTree = "<group>";
			versionGroupType = wrapper.xcdatamodel;
		};
/* End XCVersionGroup section */
	};
	rootObject = 845AB26C1CF00B06002BB0F2 /* Project object */;
}
